
Microsoft Visual Studio Solution File, Format Version 12.00
# Visual Studio Version 17
VisualStudioVersion = 17.8.34525.116
MinimumVisualStudioVersion = 10.0.40219.1
Project("{FAE04EC0-301F-11D3-BF4B-00C04F79EFBC}") = "Workaround", "Workaround\Workaround.csproj", "{679CB0E3-7F94-45E0-9DDD-96DF71D048F7}"
EndProject
Project("{FAE04EC0-301F-11D3-BF4B-00C04F79EFBC}") = "Entities", "Entities\Entities.csproj", "{0E8BD67E-2D53-402C-835C-18FFD321904D}"
EndProject
Project("{FAE04EC0-301F-11D3-BF4B-00C04F79EFBC}") = "Business", "Business\Business.csproj", "{D74AF550-BF7A-443A-823A-CDA638E29F07}"
EndProject
Global
	GlobalSection(SolutionConfigurationPlatforms) = preSolution
		Debug|Any CPU = Debug|Any CPU
		Release|Any CPU = Release|Any CPU
	EndGlobalSection
	GlobalSection(ProjectConfigurationPlatforms) = postSolution
		{679CB0E3-7F94-45E0-9DDD-96DF71D048F7}.Debug|Any CPU.ActiveCfg = Debug|Any CPU
		{679CB0E3-7F94-45E0-9DDD-96DF71D048F7}.Debug|Any CPU.Build.0 = Debug|Any CPU
		{679CB0E3-7F94-45E0-9DDD-96DF71D048F7}.Release|Any CPU.ActiveCfg = Release|Any CPU
		{679CB0E3-7F94-45E0-9DDD-96DF71D048F7}.Release|Any CPU.Build.0 = Release|Any CPU
		{0E8BD67E-2D53-402C-835C-18FFD321904D}.Debug|Any CPU.ActiveCfg = Debug|Any CPU
		{0E8BD67E-2D53-402C-835C-18FFD321904D}.Debug|Any CPU.Build.0 = Debug|Any CPU
		{0E8BD67E-2D53-402C-835C-18FFD321904D}.Release|Any CPU.ActiveCfg = Release|Any CPU
		{0E8BD67E-2D53-402C-835C-18FFD321904D}.Release|Any CPU.Build.0 = Release|Any CPU
		{D74AF550-BF7A-443A-823A-CDA638E29F07}.Debug|Any CPU.ActiveCfg = Debug|Any CPU
		{D74AF550-BF7A-443A-823A-CDA638E29F07}.Debug|Any CPU.Build.0 = Debug|Any CPU
		{D74AF550-BF7A-443A-823A-CDA638E29F07}.Release|Any CPU.ActiveCfg = Release|Any CPU
		{D74AF550-BF7A-443A-823A-CDA638E29F07}.Release|Any CPU.Build.0 = Release|Any CPU
	EndGlobalSection
	GlobalSection(SolutionProperties) = preSolution
		HideSolutionNode = FALSE
	EndGlobalSection
	GlobalSection(ExtensibilityGlobals) = postSolution
		SolutionGuid = {393E1B30-B8BF-4095-9B4C-FA1C478ADDF7}
	EndGlobalSection
EndGlobal
